{
  "object": {
    "pins": [
      {
        "package": "swift-prelude",
        "repositoryURL": "https://github.com/pointfreeco/swift-prelude",
        "state": {
          "branch": "main",
          "revision": "16550d9104f12e9033c0b0de5d6c6d9de3f04dfa",
          "version": null
        }
      },
      {
        "package": "swift-tagged",
        "repositoryURL": "https://github.com/pointfreeco/swift-tagged",
        "state": {
          "branch": null,
          "revision": "6c36cf66f58553d0481a2628e3e27177f698a897",
          "version": "0.6.0"
        }
      }
    ]
  },
  "version": 1
}
